
Microsoft Visual Studio Solution File, Format Version 12.00
# Visual Studio 14
VisualStudioVersion = 14.0.25420.1
MinimumVisualStudioVersion = 10.0.40219.1
Project("{FAE04EC0-301F-11D3-BF4B-00C04F79EFBC}") = "Stuff_Library", "Stuff_Library\Stuff_Library.csproj", "{210E1452-9A5E-4BE7-87EB-AC6FFF9F8AB8}"
EndProject
Project("{FAE04EC0-301F-11D3-BF4B-00C04F79EFBC}") = "Stuff_Library.Tests", "Stuff_Library.Tests\Stuff_Library.Tests.csproj", "{E8BD86DE-7F73-44B7-BBA9-CF689F7A2550}"
EndProject
Global
	GlobalSection(SolutionConfigurationPlatforms) = preSolution
		Debug|Any CPU = Debug|Any CPU
		Release|Any CPU = Release|Any CPU
	EndGlobalSection
	GlobalSection(ProjectConfigurationPlatforms) = postSolution
		{210E1452-9A5E-4BE7-87EB-AC6FFF9F8AB8}.Debug|Any CPU.ActiveCfg = Debug|Any CPU
		{210E1452-9A5E-4BE7-87EB-AC6FFF9F8AB8}.Debug|Any CPU.Build.0 = Debug|Any CPU
		{210E1452-9A5E-4BE7-87EB-AC6FFF9F8AB8}.Release|Any CPU.ActiveCfg = Release|Any CPU
		{210E1452-9A5E-4BE7-87EB-AC6FFF9F8AB8}.Release|Any CPU.Build.0 = Release|Any CPU
		{E8BD86DE-7F73-44B7-BBA9-CF689F7A2550}.Debug|Any CPU.ActiveCfg = Debug|Any CPU
		{E8BD86DE-7F73-44B7-BBA9-CF689F7A2550}.Debug|Any CPU.Build.0 = Debug|Any CPU
		{E8BD86DE-7F73-44B7-BBA9-CF689F7A2550}.Release|Any CPU.ActiveCfg = Release|Any CPU
		{E8BD86DE-7F73-44B7-BBA9-CF689F7A2550}.Release|Any CPU.Build.0 = Release|Any CPU
	EndGlobalSection
	GlobalSection(SolutionProperties) = preSolution
		HideSolutionNode = FALSE
	EndGlobalSection
EndGlobal
